
Microsoft Visual Studio Solution File, Format Version 12.00
# Visual Studio Version 17
VisualStudioVersion = 17.13.35825.156 d17.13
MinimumVisualStudioVersion = 10.0.40219.1
Project("{FAE04EC0-301F-11D3-BF4B-00C04F79EFBC}") = "proyecto final", "proyecto final.csproj", "{7F4E2CA8-A575-4AAB-BBCA-55E72D3843B6}"
EndProject
Global
	GlobalSection(SolutionConfigurationPlatforms) = preSolution
		Debug|Any CPU = Debug|Any CPU
		Release|Any CPU = Release|Any CPU
	EndGlobalSection
	GlobalSection(ProjectConfigurationPlatforms) = postSolution
		{7F4E2CA8-A575-4AAB-BBCA-55E72D3843B6}.Debug|Any CPU.ActiveCfg = Debug|Any CPU
		{7F4E2CA8-A575-4AAB-BBCA-55E72D3843B6}.Debug|Any CPU.Build.0 = Debug|Any CPU
		{7F4E2CA8-A575-4AAB-BBCA-55E72D3843B6}.Release|Any CPU.ActiveCfg = Release|Any CPU
		{7F4E2CA8-A575-4AAB-BBCA-55E72D3843B6}.Release|Any CPU.Build.0 = Release|Any CPU
	EndGlobalSection
	GlobalSection(SolutionProperties) = preSolution
		HideSolutionNode = FALSE
	EndGlobalSection
	GlobalSection(ExtensibilityGlobals) = postSolution
		SolutionGuid = {1C23D572-115A-47B6-8727-01FA227AE6EB}
	EndGlobalSection
EndGlobal
